
Microsoft Visual Studio Solution File, Format Version 12.00
# Visual Studio Version 17
VisualStudioVersion = 17.6.33829.357
MinimumVisualStudioVersion = 10.0.40219.1
Project("{9A19103F-16F7-4668-BE54-9A1E7A4F7556}") = "BuildConnect.Core", "BuildConnect.Core\BuildConnect.Core.csproj", "{37951B0C-93B8-406D-8E9B-CFB8A1E981F9}"
EndProject
Project("{2150E333-8FDC-42A3-9474-1A3956D46DE8}") = "DailyReport", "DailyReport", "{8BF12C78-9DDF-4EC2-B460-145B922F7A7D}"
	ProjectSection(SolutionItems) = preProject
		.dockerignore = .dockerignore
		DailyReport.Api\docker-compose.yml = DailyReport.Api\docker-compose.yml
		DailyReport.Api\Dockerfile = DailyReport.Api\Dockerfile
		README.md = README.md
	EndProjectSection
EndProject
Project("{9A19103F-16F7-4668-BE54-9A1E7A4F7556}") = "DailyReport.Domain", "DailyReport.Domain\DailyReport.Domain.csproj", "{B4316BAC-5A4F-461C-B481-33B2BD64B683}"
EndProject
Project("{9A19103F-16F7-4668-BE54-9A1E7A4F7556}") = "DailyReport.Persistance", "DailyReport.Persistance\DailyReport.Persistance.csproj", "{4CAB1A77-53B1-4F91-9392-9684B277A770}"
EndProject
Project("{9A19103F-16F7-4668-BE54-9A1E7A4F7556}") = "DailyReport.Application", "DailyReport.Application\DailyReport.Application.csproj", "{088E8773-9412-4C5E-B102-47F5076D2057}"
EndProject
Project("{2150E333-8FDC-42A3-9474-1A3956D46DE8}") = "Apps", "Apps", "{BB0FA7AC-1C51-4F29-8771-E0C18804F6AA}"
EndProject
Project("{9A19103F-16F7-4668-BE54-9A1E7A4F7556}") = "DailyReport.Api", "DailyReport.Api\DailyReport.Api.csproj", "{6E334AFF-8FE8-4E97-BDDB-403B2C534585}"
EndProject
Project("{2150E333-8FDC-42A3-9474-1A3956D46DE8}") = "Core", "Core", "{9E3DB88B-AD27-4032-AE66-B706756A8275}"
EndProject
Project("{9A19103F-16F7-4668-BE54-9A1E7A4F7556}") = "Core.Api", "Core.Api\Core.Api.csproj", "{5B10BF16-A601-4015-94EC-10809EFA2E04}"
EndProject
Project("{2150E333-8FDC-42A3-9474-1A3956D46DE8}") = "src", "src", "{5BCFCF65-9F8A-4BFF-98EE-F4F1C1D46034}"
EndProject
Project("{2150E333-8FDC-42A3-9474-1A3956D46DE8}") = "test", "test", "{80333833-A916-44FB-9E70-0288CEA31386}"
EndProject
Project("{2150E333-8FDC-42A3-9474-1A3956D46DE8}") = "DailyReport.Tests", "DailyReport.Tests", "{6C93256E-9C00-4D70-9700-EF672D39EE27}"
EndProject
Project("{2150E333-8FDC-42A3-9474-1A3956D46DE8}") = "Identity", "Identity", "{6F4DC8B2-5BF1-4AB8-8F90-85178F2B99D0}"
EndProject
Project("{9A19103F-16F7-4668-BE54-9A1E7A4F7556}") = "Identity.Api", "Identity.Api\Identity.Api.csproj", "{EF21642D-D5D1-4BA6-9F78-2D1FC375760B}"
EndProject
Project("{2150E333-8FDC-42A3-9474-1A3956D46DE8}") = "Site", "Site", "{C8191853-1C4D-4593-963F-72D6ACB8088C}"
	ProjectSection(SolutionItems) = preProject
		Site.cs = Site.cs
	EndProjectSection
EndProject
Project("{2150E333-8FDC-42A3-9474-1A3956D46DE8}") = "src", "src", "{008E4042-DE2E-47DB-82D5-C2FBAC2408AA}"
EndProject
Project("{FAE04EC0-301F-11D3-BF4B-00C04F79EFBC}") = "Site.Domain", "Site.Domain\Site.Domain.csproj", "{5098B885-502E-48B7-A91E-9B1BAC9F5F50}"
EndProject
Project("{FAE04EC0-301F-11D3-BF4B-00C04F79EFBC}") = "Site.Api", "Site.Api\Site.Api.csproj", "{F24B1C46-043A-4B56-BEE7-5B1A04E8090D}"
EndProject
Project("{FAE04EC0-301F-11D3-BF4B-00C04F79EFBC}") = "Site.Persistance", "Site.Persistance\Site.Persistance.csproj", "{2770008B-7BB8-423A-AE93-AB7F3A3DE17B}"
EndProject
Global
	GlobalSection(SolutionConfigurationPlatforms) = preSolution
		Debug|Any CPU = Debug|Any CPU
		Release|Any CPU = Release|Any CPU
	EndGlobalSection
	GlobalSection(ProjectConfigurationPlatforms) = postSolution
		{37951B0C-93B8-406D-8E9B-CFB8A1E981F9}.Debug|Any CPU.ActiveCfg = Debug|Any CPU
		{37951B0C-93B8-406D-8E9B-CFB8A1E981F9}.Debug|Any CPU.Build.0 = Debug|Any CPU
		{37951B0C-93B8-406D-8E9B-CFB8A1E981F9}.Release|Any CPU.ActiveCfg = Release|Any CPU
		{37951B0C-93B8-406D-8E9B-CFB8A1E981F9}.Release|Any CPU.Build.0 = Release|Any CPU
		{B4316BAC-5A4F-461C-B481-33B2BD64B683}.Debug|Any CPU.ActiveCfg = Debug|Any CPU
		{B4316BAC-5A4F-461C-B481-33B2BD64B683}.Debug|Any CPU.Build.0 = Debug|Any CPU
		{B4316BAC-5A4F-461C-B481-33B2BD64B683}.Release|Any CPU.ActiveCfg = Release|Any CPU
		{B4316BAC-5A4F-461C-B481-33B2BD64B683}.Release|Any CPU.Build.0 = Release|Any CPU
		{4CAB1A77-53B1-4F91-9392-9684B277A770}.Debug|Any CPU.ActiveCfg = Debug|Any CPU
		{4CAB1A77-53B1-4F91-9392-9684B277A770}.Debug|Any CPU.Build.0 = Debug|Any CPU
		{4CAB1A77-53B1-4F91-9392-9684B277A770}.Release|Any CPU.ActiveCfg = Release|Any CPU
		{4CAB1A77-53B1-4F91-9392-9684B277A770}.Release|Any CPU.Build.0 = Release|Any CPU
		{088E8773-9412-4C5E-B102-47F5076D2057}.Debug|Any CPU.ActiveCfg = Debug|Any CPU
		{088E8773-9412-4C5E-B102-47F5076D2057}.Debug|Any CPU.Build.0 = Debug|Any CPU
		{088E8773-9412-4C5E-B102-47F5076D2057}.Release|Any CPU.ActiveCfg = Release|Any CPU
		{088E8773-9412-4C5E-B102-47F5076D2057}.Release|Any CPU.Build.0 = Release|Any CPU
		{6E334AFF-8FE8-4E97-BDDB-403B2C534585}.Debug|Any CPU.ActiveCfg = Debug|Any CPU
		{6E334AFF-8FE8-4E97-BDDB-403B2C534585}.Debug|Any CPU.Build.0 = Debug|Any CPU
		{6E334AFF-8FE8-4E97-BDDB-403B2C534585}.Release|Any CPU.ActiveCfg = Release|Any CPU
		{6E334AFF-8FE8-4E97-BDDB-403B2C534585}.Release|Any CPU.Build.0 = Release|Any CPU
		{5B10BF16-A601-4015-94EC-10809EFA2E04}.Debug|Any CPU.ActiveCfg = Debug|Any CPU
		{5B10BF16-A601-4015-94EC-10809EFA2E04}.Debug|Any CPU.Build.0 = Debug|Any CPU
		{5B10BF16-A601-4015-94EC-10809EFA2E04}.Release|Any CPU.ActiveCfg = Release|Any CPU
		{5B10BF16-A601-4015-94EC-10809EFA2E04}.Release|Any CPU.Build.0 = Release|Any CPU
		{EF21642D-D5D1-4BA6-9F78-2D1FC375760B}.Debug|Any CPU.ActiveCfg = Debug|Any CPU
		{EF21642D-D5D1-4BA6-9F78-2D1FC375760B}.Debug|Any CPU.Build.0 = Debug|Any CPU
		{EF21642D-D5D1-4BA6-9F78-2D1FC375760B}.Release|Any CPU.ActiveCfg = Release|Any CPU
		{EF21642D-D5D1-4BA6-9F78-2D1FC375760B}.Release|Any CPU.Build.0 = Release|Any CPU
		{5098B885-502E-48B7-A91E-9B1BAC9F5F50}.Debug|Any CPU.ActiveCfg = Debug|Any CPU
		{5098B885-502E-48B7-A91E-9B1BAC9F5F50}.Debug|Any CPU.Build.0 = Debug|Any CPU
		{5098B885-502E-48B7-A91E-9B1BAC9F5F50}.Release|Any CPU.ActiveCfg = Release|Any CPU
		{5098B885-502E-48B7-A91E-9B1BAC9F5F50}.Release|Any CPU.Build.0 = Release|Any CPU
		{F24B1C46-043A-4B56-BEE7-5B1A04E8090D}.Debug|Any CPU.ActiveCfg = Debug|Any CPU
		{F24B1C46-043A-4B56-BEE7-5B1A04E8090D}.Debug|Any CPU.Build.0 = Debug|Any CPU
		{F24B1C46-043A-4B56-BEE7-5B1A04E8090D}.Release|Any CPU.ActiveCfg = Release|Any CPU
		{F24B1C46-043A-4B56-BEE7-5B1A04E8090D}.Release|Any CPU.Build.0 = Release|Any CPU
		{2770008B-7BB8-423A-AE93-AB7F3A3DE17B}.Debug|Any CPU.ActiveCfg = Debug|Any CPU
		{2770008B-7BB8-423A-AE93-AB7F3A3DE17B}.Debug|Any CPU.Build.0 = Debug|Any CPU
		{2770008B-7BB8-423A-AE93-AB7F3A3DE17B}.Release|Any CPU.ActiveCfg = Release|Any CPU
		{2770008B-7BB8-423A-AE93-AB7F3A3DE17B}.Release|Any CPU.Build.0 = Release|Any CPU
	EndGlobalSection
	GlobalSection(SolutionProperties) = preSolution
		HideSolutionNode = FALSE
	EndGlobalSection
	GlobalSection(NestedProjects) = preSolution
		{8BF12C78-9DDF-4EC2-B460-145B922F7A7D} = {BB0FA7AC-1C51-4F29-8771-E0C18804F6AA}
		{B4316BAC-5A4F-461C-B481-33B2BD64B683} = {5BCFCF65-9F8A-4BFF-98EE-F4F1C1D46034}
		{4CAB1A77-53B1-4F91-9392-9684B277A770} = {5BCFCF65-9F8A-4BFF-98EE-F4F1C1D46034}
		{088E8773-9412-4C5E-B102-47F5076D2057} = {5BCFCF65-9F8A-4BFF-98EE-F4F1C1D46034}
		{6E334AFF-8FE8-4E97-BDDB-403B2C534585} = {5BCFCF65-9F8A-4BFF-98EE-F4F1C1D46034}
		{9E3DB88B-AD27-4032-AE66-B706756A8275} = {BB0FA7AC-1C51-4F29-8771-E0C18804F6AA}
		{5B10BF16-A601-4015-94EC-10809EFA2E04} = {9E3DB88B-AD27-4032-AE66-B706756A8275}
		{5BCFCF65-9F8A-4BFF-98EE-F4F1C1D46034} = {8BF12C78-9DDF-4EC2-B460-145B922F7A7D}
		{80333833-A916-44FB-9E70-0288CEA31386} = {8BF12C78-9DDF-4EC2-B460-145B922F7A7D}
		{6C93256E-9C00-4D70-9700-EF672D39EE27} = {80333833-A916-44FB-9E70-0288CEA31386}
		{6F4DC8B2-5BF1-4AB8-8F90-85178F2B99D0} = {BB0FA7AC-1C51-4F29-8771-E0C18804F6AA}
		{EF21642D-D5D1-4BA6-9F78-2D1FC375760B} = {6F4DC8B2-5BF1-4AB8-8F90-85178F2B99D0}
		{C8191853-1C4D-4593-963F-72D6ACB8088C} = {BB0FA7AC-1C51-4F29-8771-E0C18804F6AA}
		{008E4042-DE2E-47DB-82D5-C2FBAC2408AA} = {C8191853-1C4D-4593-963F-72D6ACB8088C}
		{5098B885-502E-48B7-A91E-9B1BAC9F5F50} = {008E4042-DE2E-47DB-82D5-C2FBAC2408AA}
		{F24B1C46-043A-4B56-BEE7-5B1A04E8090D} = {008E4042-DE2E-47DB-82D5-C2FBAC2408AA}
		{2770008B-7BB8-423A-AE93-AB7F3A3DE17B} = {008E4042-DE2E-47DB-82D5-C2FBAC2408AA}
	EndGlobalSection
	GlobalSection(ExtensibilityGlobals) = postSolution
		SolutionGuid = {8CF0973C-F1FE-486C-B03B-94C0E7BDF197}
	EndGlobalSection
EndGlobal
